// !$*UTF8*$!
{
	archiveVersion = 1;
	classes = {
	};
	objectVersion = 48;
	objects = {

/* Begin PBXBuildFile section */
		42EAC4E5C419304CFD1A36E6 /* Pods_PhotoManager.framework in Frameworks */ = {isa = PBXBuildFile; fileRef = B6509AE5E25B4F5B0C420E0C /* Pods_PhotoManager.framework */; };
		8703A2DA2052DD4E00A9AE04 /* ImageDetailsViewController.swift in Sources */ = {isa = PBXBuildFile; fileRef = 8703A2D92052DD4E00A9AE04 /* ImageDetailsViewController.swift */; };
		87456F5F204F1BAC0096B1B3 /* UtilityService.swift in Sources */ = {isa = PBXBuildFile; fileRef = 87456F5E204F1BAC0096B1B3 /* UtilityService.swift */; };
		8753C90D2047735C00A08FDB /* AppDelegate.swift in Sources */ = {isa = PBXBuildFile; fileRef = 8753C90C2047735C00A08FDB /* AppDelegate.swift */; };
		8753C9122047735C00A08FDB /* Main.storyboard in Resources */ = {isa = PBXBuildFile; fileRef = 8753C9102047735C00A08FDB /* Main.storyboard */; };
		8753C9142047735C00A08FDB /* Assets.xcassets in Resources */ = {isa = PBXBuildFile; fileRef = 8753C9132047735C00A08FDB /* Assets.xcassets */; };
		8753C9172047735C00A08FDB /* LaunchScreen.storyboard in Resources */ = {isa = PBXBuildFile; fileRef = 8753C9152047735C00A08FDB /* LaunchScreen.storyboard */; };
		875E034120616E29002E9D8A /* Reachability.swift in Sources */ = {isa = PBXBuildFile; fileRef = 875E034020616E29002E9D8A /* Reachability.swift */; };
		87A2E8BA206599F600D5304C /* BarChart.swift in Sources */ = {isa = PBXBuildFile; fileRef = 87A2E8B9206599F600D5304C /* BarChart.swift */; };
		87A2E8BE206690A700D5304C /* SettingTableViewController.swift in Sources */ = {isa = PBXBuildFile; fileRef = 87A2E8BD206690A700D5304C /* SettingTableViewController.swift */; };
		87B476E720572F800091AF8F /* FolderTypeViewController.swift in Sources */ = {isa = PBXBuildFile; fileRef = 87B476E620572F800091AF8F /* FolderTypeViewController.swift */; };
		87B476E92057371D0091AF8F /* FolderTypeCellCollectionViewCell.swift in Sources */ = {isa = PBXBuildFile; fileRef = 87B476E82057371D0091AF8F /* FolderTypeCellCollectionViewCell.swift */; };
		87B7E9B52058848800E2678A /* FolderViewController.swift in Sources */ = {isa = PBXBuildFile; fileRef = 87B7E9B42058848800E2678A /* FolderViewController.swift */; };
		87B7E9B72058868A00E2678A /* FolderCollectionViewCell.swift in Sources */ = {isa = PBXBuildFile; fileRef = 87B7E9B62058868A00E2678A /* FolderCollectionViewCell.swift */; };
		87B7E9B920589E0F00E2678A /* ImageViewController.swift in Sources */ = {isa = PBXBuildFile; fileRef = 87B7E9B820589E0F00E2678A /* ImageViewController.swift */; };
		87B7E9BB20589EF300E2678A /* ImageCollectionViewCell.swift in Sources */ = {isa = PBXBuildFile; fileRef = 87B7E9BA20589EF300E2678A /* ImageCollectionViewCell.swift */; };
		87BBA029206707F9003E5771 /* StatisticsTableViewController.swift in Sources */ = {isa = PBXBuildFile; fileRef = 87BBA028206707F9003E5771 /* StatisticsTableViewController.swift */; };
		87D50A48205B567700AA1658 /* ImageSearchViewController.swift in Sources */ = {isa = PBXBuildFile; fileRef = 87D50A47205B567700AA1658 /* ImageSearchViewController.swift */; };
		87D50A4A205B5A0F00AA1658 /* ImageSearchCell.swift in Sources */ = {isa = PBXBuildFile; fileRef = 87D50A49205B5A0F00AA1658 /* ImageSearchCell.swift */; };
		87D50A4C20601FC100AA1658 /* MapViewController.swift in Sources */ = {isa = PBXBuildFile; fileRef = 87D50A4B20601FC100AA1658 /* MapViewController.swift */; };
		87D605BF2064320F0011566D /* FolderTypeListViewController.swift in Sources */ = {isa = PBXBuildFile; fileRef = 87D605BE2064320F0011566D /* FolderTypeListViewController.swift */; };
		87D605C12064377C0011566D /* FolderTypeListTableViewCell.swift in Sources */ = {isa = PBXBuildFile; fileRef = 87D605C02064377C0011566D /* FolderTypeListTableViewCell.swift */; };
		87D605C520644AAD0011566D /* FolderListViewController.swift in Sources */ = {isa = PBXBuildFile; fileRef = 87D605C420644AAD0011566D /* FolderListViewController.swift */; };
		87D605C7206456EC0011566D /* FolderListTableViewCell.swift in Sources */ = {isa = PBXBuildFile; fileRef = 87D605C6206456EC0011566D /* FolderListTableViewCell.swift */; };
		87ECF9FF206165D800E3671F /* NavigationViewController.swift in Sources */ = {isa = PBXBuildFile; fileRef = 87ECF9FE206165D800E3671F /* NavigationViewController.swift */; };
		87F6231D204777120092672B /* HashTag.swift in Sources */ = {isa = PBXBuildFile; fileRef = 87F62316204777110092672B /* HashTag.swift */; };
		87F6231E204777120092672B /* Location.swift in Sources */ = {isa = PBXBuildFile; fileRef = 87F62317204777110092672B /* Location.swift */; };
		87F62320204777120092672B /* Image.swift in Sources */ = {isa = PBXBuildFile; fileRef = 87F62319204777120092672B /* Image.swift */; };
		87F62321204777120092672B /* Type.swift in Sources */ = {isa = PBXBuildFile; fileRef = 87F6231A204777120092672B /* Type.swift */; };
		87F62322204777120092672B /* Folder.swift in Sources */ = {isa = PBXBuildFile; fileRef = 87F6231B204777120092672B /* Folder.swift */; };
		87F62325204777340092672B /* RealmService.swift in Sources */ = {isa = PBXBuildFile; fileRef = 87F62324204777340092672B /* RealmService.swift */; };
/* End PBXBuildFile section */

/* Begin PBXFileReference section */
		1E21A7163574BF608BD72BEE /* Pods-PhotoManager.debug.xcconfig */ = {isa = PBXFileReference; includeInIndex = 1; lastKnownFileType = text.xcconfig; name = "Pods-PhotoManager.debug.xcconfig"; path = "Pods/Target Support Files/Pods-PhotoManager/Pods-PhotoManager.debug.xcconfig"; sourceTree = "<group>"; };
		4CA6C20A06D49465518194D2 /* Pods-PhotoManager.release.xcconfig */ = {isa = PBXFileReference; includeInIndex = 1; lastKnownFileType = text.xcconfig; name = "Pods-PhotoManager.release.xcconfig"; path = "Pods/Target Support Files/Pods-PhotoManager/Pods-PhotoManager.release.xcconfig"; sourceTree = "<group>"; };
		8703A2D92052DD4E00A9AE04 /* ImageDetailsViewController.swift */ = {isa = PBXFileReference; lastKnownFileType = sourcecode.swift; path = ImageDetailsViewController.swift; sourceTree = "<group>"; };
		8703A2EF20539B3200A9AE04 /* EasyRealm.h */ = {isa = PBXFileReference; lastKnownFileType = sourcecode.c.h; path = EasyRealm.h; sourceTree = "<group>"; };
		87456F15204B6B200096B1B3 /* Realm.framework */ = {isa = PBXFileReference; explicitFileType = wrapper.framework; path = Realm.framework; sourceTree = BUILT_PRODUCTS_DIR; };
		87456F18204B6B260096B1B3 /* RealmSwift.framework */ = {isa = PBXFileReference; explicitFileType = wrapper.framework; path = RealmSwift.framework; sourceTree = BUILT_PRODUCTS_DIR; };
		87456F5E204F1BAC0096B1B3 /* UtilityService.swift */ = {isa = PBXFileReference; lastKnownFileType = sourcecode.swift; path = UtilityService.swift; sourceTree = "<group>"; };
		8753C9092047735C00A08FDB /* PhotoManager.app */ = {isa = PBXFileReference; explicitFileType = wrapper.application; includeInIndex = 0; path = PhotoManager.app; sourceTree = BUILT_PRODUCTS_DIR; };
		8753C90C2047735C00A08FDB /* AppDelegate.swift */ = {isa = PBXFileReference; lastKnownFileType = sourcecode.swift; path = AppDelegate.swift; sourceTree = "<group>"; };
		8753C9112047735C00A08FDB /* Base */ = {isa = PBXFileReference; lastKnownFileType = file.storyboard; name = Base; path = Base.lproj/Main.storyboard; sourceTree = "<group>"; };
		8753C9132047735C00A08FDB /* Assets.xcassets */ = {isa = PBXFileReference; lastKnownFileType = folder.assetcatalog; path = Assets.xcassets; sourceTree = "<group>"; };
		8753C9162047735C00A08FDB /* Base */ = {isa = PBXFileReference; lastKnownFileType = file.storyboard; name = Base; path = Base.lproj/LaunchScreen.storyboard; sourceTree = "<group>"; };
		8753C9182047735C00A08FDB /* Info.plist */ = {isa = PBXFileReference; lastKnownFileType = text.plist.xml; path = Info.plist; sourceTree = "<group>"; };
		875E034020616E29002E9D8A /* Reachability.swift */ = {isa = PBXFileReference; lastKnownFileType = sourcecode.swift; path = Reachability.swift; sourceTree = "<group>"; };
		87A2E8B9206599F600D5304C /* BarChart.swift */ = {isa = PBXFileReference; lastKnownFileType = sourcecode.swift; path = BarChart.swift; sourceTree = "<group>"; };
		87A2E8BD206690A700D5304C /* SettingTableViewController.swift */ = {isa = PBXFileReference; lastKnownFileType = sourcecode.swift; path = SettingTableViewController.swift; sourceTree = "<group>"; };
		87B476E620572F800091AF8F /* FolderTypeViewController.swift */ = {isa = PBXFileReference; lastKnownFileType = sourcecode.swift; path = FolderTypeViewController.swift; sourceTree = "<group>"; };
		87B476E82057371D0091AF8F /* FolderTypeCellCollectionViewCell.swift */ = {isa = PBXFileReference; lastKnownFileType = sourcecode.swift; path = FolderTypeCellCollectionViewCell.swift; sourceTree = "<group>"; };
		87B7E9B42058848800E2678A /* FolderViewController.swift */ = {isa = PBXFileReference; lastKnownFileType = sourcecode.swift; path = FolderViewController.swift; sourceTree = "<group>"; };
		87B7E9B62058868A00E2678A /* FolderCollectionViewCell.swift */ = {isa = PBXFileReference; lastKnownFileType = sourcecode.swift; path = FolderCollectionViewCell.swift; sourceTree = "<group>"; };
		87B7E9B820589E0F00E2678A /* ImageViewController.swift */ = {isa = PBXFileReference; lastKnownFileType = sourcecode.swift; path = ImageViewController.swift; sourceTree = "<group>"; };
		87B7E9BA20589EF300E2678A /* ImageCollectionViewCell.swift */ = {isa = PBXFileReference; lastKnownFileType = sourcecode.swift; path = ImageCollectionViewCell.swift; sourceTree = "<group>"; };
		87BBA028206707F9003E5771 /* StatisticsTableViewController.swift */ = {isa = PBXFileReference; lastKnownFileType = sourcecode.swift; path = StatisticsTableViewController.swift; sourceTree = "<group>"; };
		87D50A47205B567700AA1658 /* ImageSearchViewController.swift */ = {isa = PBXFileReference; lastKnownFileType = sourcecode.swift; path = ImageSearchViewController.swift; sourceTree = "<group>"; };
		87D50A49205B5A0F00AA1658 /* ImageSearchCell.swift */ = {isa = PBXFileReference; lastKnownFileType = sourcecode.swift; path = ImageSearchCell.swift; sourceTree = "<group>"; };
		87D50A4B20601FC100AA1658 /* MapViewController.swift */ = {isa = PBXFileReference; lastKnownFileType = sourcecode.swift; path = MapViewController.swift; sourceTree = "<group>"; };
		87D605BE2064320F0011566D /* FolderTypeListViewController.swift */ = {isa = PBXFileReference; lastKnownFileType = sourcecode.swift; path = FolderTypeListViewController.swift; sourceTree = "<group>"; };
		87D605C02064377C0011566D /* FolderTypeListTableViewCell.swift */ = {isa = PBXFileReference; lastKnownFileType = sourcecode.swift; path = FolderTypeListTableViewCell.swift; sourceTree = "<group>"; };
		87D605C420644AAD0011566D /* FolderListViewController.swift */ = {isa = PBXFileReference; lastKnownFileType = sourcecode.swift; path = FolderListViewController.swift; sourceTree = "<group>"; };
		87D605C6206456EC0011566D /* FolderListTableViewCell.swift */ = {isa = PBXFileReference; lastKnownFileType = sourcecode.swift; path = FolderListTableViewCell.swift; sourceTree = "<group>"; };
		87ECF9FE206165D800E3671F /* NavigationViewController.swift */ = {isa = PBXFileReference; lastKnownFileType = sourcecode.swift; path = NavigationViewController.swift; sourceTree = "<group>"; };
		87F62316204777110092672B /* HashTag.swift */ = {isa = PBXFileReference; lastKnownFileType = sourcecode.swift; path = HashTag.swift; sourceTree = "<group>"; };
		87F62317204777110092672B /* Location.swift */ = {isa = PBXFileReference; lastKnownFileType = sourcecode.swift; path = Location.swift; sourceTree = "<group>"; };
		87F62319204777120092672B /* Image.swift */ = {isa = PBXFileReference; lastKnownFileType = sourcecode.swift; path = Image.swift; sourceTree = "<group>"; };
		87F6231A204777120092672B /* Type.swift */ = {isa = PBXFileReference; lastKnownFileType = sourcecode.swift; path = Type.swift; sourceTree = "<group>"; };
		87F6231B204777120092672B /* Folder.swift */ = {isa = PBXFileReference; lastKnownFileType = sourcecode.swift; path = Folder.swift; sourceTree = "<group>"; };
		87F62324204777340092672B /* RealmService.swift */ = {isa = PBXFileReference; lastKnownFileType = sourcecode.swift; path = RealmService.swift; sourceTree = "<group>"; };
		B6509AE5E25B4F5B0C420E0C /* Pods_PhotoManager.framework */ = {isa = PBXFileReference; explicitFileType = wrapper.framework; includeInIndex = 0; path = Pods_PhotoManager.framework; sourceTree = BUILT_PRODUCTS_DIR; };
/* End PBXFileReference section */

/* Begin PBXFrameworksBuildPhase section */
		8753C9062047735C00A08FDB /* Frameworks */ = {
			isa = PBXFrameworksBuildPhase;
			buildActionMask = 2147483647;
			files = (
				42EAC4E5C419304CFD1A36E6 /* Pods_PhotoManager.framework in Frameworks */,
			);
			runOnlyForDeploymentPostprocessing = 0;
		};
/* End PBXFrameworksBuildPhase section */

/* Begin PBXGroup section */
		30CF1E7F465F99A37E59E6B4 /* Pods */ = {
			isa = PBXGroup;
			children = (
				1E21A7163574BF608BD72BEE /* Pods-PhotoManager.debug.xcconfig */,
				4CA6C20A06D49465518194D2 /* Pods-PhotoManager.release.xcconfig */,
			);
			name = Pods;
			sourceTree = "<group>";
		};
		5950DF92D8E6040796156C6B /* Frameworks */ = {
			isa = PBXGroup;
			children = (
				B6509AE5E25B4F5B0C420E0C /* Pods_PhotoManager.framework */,
			);
			name = Frameworks;
			sourceTree = "<group>";
		};
		87456F082049F3690096B1B3 /* Views */ = {
			isa = PBXGroup;
			children = (
				87B476E82057371D0091AF8F /* FolderTypeCellCollectionViewCell.swift */,
				87B7E9B62058868A00E2678A /* FolderCollectionViewCell.swift */,
				87B7E9BA20589EF300E2678A /* ImageCollectionViewCell.swift */,
				87D50A49205B5A0F00AA1658 /* ImageSearchCell.swift */,
				87D605C02064377C0011566D /* FolderTypeListTableViewCell.swift */,
				87D605C6206456EC0011566D /* FolderListTableViewCell.swift */,
				87A2E8B9206599F600D5304C /* BarChart.swift */,
			);
			path = Views;
			sourceTree = "<group>";
		};
		8753C9002047735C00A08FDB = {
			isa = PBXGroup;
			children = (
				87456F18204B6B260096B1B3 /* RealmSwift.framework */,
				87456F15204B6B200096B1B3 /* Realm.framework */,
				8753C90B2047735C00A08FDB /* PhotoManager */,
				8753C90A2047735C00A08FDB /* Products */,
				30CF1E7F465F99A37E59E6B4 /* Pods */,
				5950DF92D8E6040796156C6B /* Frameworks */,
			);
			sourceTree = "<group>";
		};
		8753C90A2047735C00A08FDB /* Products */ = {
			isa = PBXGroup;
			children = (
				8753C9092047735C00A08FDB /* PhotoManager.app */,
			);
			name = Products;
			sourceTree = "<group>";
		};
		8753C90B2047735C00A08FDB /* PhotoManager */ = {
			isa = PBXGroup;
			children = (
				87456F082049F3690096B1B3 /* Views */,
				87F623262047773D0092672B /* Services */,
				87F62323204777270092672B /* Models */,
				8753C9202049DA3900A08FDB /* Controllers */,
				8753C90C2047735C00A08FDB /* AppDelegate.swift */,
				8753C9102047735C00A08FDB /* Main.storyboard */,
				8753C9132047735C00A08FDB /* Assets.xcassets */,
				8753C9152047735C00A08FDB /* LaunchScreen.storyboard */,
				8703A2EF20539B3200A9AE04 /* EasyRealm.h */,
				8753C9182047735C00A08FDB /* Info.plist */,
			);
			path = PhotoManager;
			sourceTree = "<group>";
		};
		8753C9202049DA3900A08FDB /* Controllers */ = {
			isa = PBXGroup;
			children = (
				87B476E620572F800091AF8F /* FolderTypeViewController.swift */,
				87B7E9B42058848800E2678A /* FolderViewController.swift */,
				87B7E9B820589E0F00E2678A /* ImageViewController.swift */,
				8703A2D92052DD4E00A9AE04 /* ImageDetailsViewController.swift */,
				87D50A47205B567700AA1658 /* ImageSearchViewController.swift */,
				87D50A4B20601FC100AA1658 /* MapViewController.swift */,
				87ECF9FE206165D800E3671F /* NavigationViewController.swift */,
				87D605BE2064320F0011566D /* FolderTypeListViewController.swift */,
				87D605C420644AAD0011566D /* FolderListViewController.swift */,
				87A2E8BD206690A700D5304C /* SettingTableViewController.swift */,
				87BBA028206707F9003E5771 /* StatisticsTableViewController.swift */,
			);
			path = Controllers;
			sourceTree = "<group>";
		};
		87F62323204777270092672B /* Models */ = {
			isa = PBXGroup;
			children = (
				87F6231A204777120092672B /* Type.swift */,
				87F6231B204777120092672B /* Folder.swift */,
				87F62319204777120092672B /* Image.swift */,
				87F62316204777110092672B /* HashTag.swift */,
				87F62317204777110092672B /* Location.swift */,
			);
			path = Models;
			sourceTree = "<group>";
		};
		87F623262047773D0092672B /* Services */ = {
			isa = PBXGroup;
			children = (
				87F62324204777340092672B /* RealmService.swift */,
				87456F5E204F1BAC0096B1B3 /* UtilityService.swift */,
				875E034020616E29002E9D8A /* Reachability.swift */,
			);
			path = Services;
			sourceTree = "<group>";
		};
/* End PBXGroup section */

/* Begin PBXNativeTarget section */
		8753C9082047735C00A08FDB /* PhotoManager */ = {
			isa = PBXNativeTarget;
			buildConfigurationList = 8753C91B2047735C00A08FDB /* Build configuration list for PBXNativeTarget "PhotoManager" */;
			buildPhases = (
				4671B4DFFA94223C77E2E01C /* [CP] Check Pods Manifest.lock */,
				8753C9052047735C00A08FDB /* Sources */,
				8753C9062047735C00A08FDB /* Frameworks */,
				8753C9072047735C00A08FDB /* Resources */,
				00D52BBAB13AE3F4AC10BB03 /* [CP] Embed Pods Frameworks */,
				BB79256B4028EE5DAF20D7B3 /* [CP] Copy Pods Resources */,
			);
			buildRules = (
			);
			dependencies = (
			);
			name = PhotoManager;
			productName = FinalProject;
			productReference = 8753C9092047735C00A08FDB /* PhotoManager.app */;
			productType = "com.apple.product-type.application";
		};
/* End PBXNativeTarget section */

/* Begin PBXProject section */
		8753C9012047735C00A08FDB /* Project object */ = {
			isa = PBXProject;
			attributes = {
				LastSwiftUpdateCheck = 0920;
				LastUpgradeCheck = 0920;
				ORGANIZATIONNAME = "Jason Lai";
				TargetAttributes = {
					8753C9082047735C00A08FDB = {
						CreatedOnToolsVersion = 9.2;
						ProvisioningStyle = Automatic;
					};
				};
			};
			buildConfigurationList = 8753C9042047735C00A08FDB /* Build configuration list for PBXProject "PhotoManager" */;
			compatibilityVersion = "Xcode 8.0";
			developmentRegion = en;
			hasScannedForEncodings = 0;
			knownRegions = (
				en,
				Base,
			);
			mainGroup = 8753C9002047735C00A08FDB;
			productRefGroup = 8753C90A2047735C00A08FDB /* Products */;
			projectDirPath = "";
			projectRoot = "";
			targets = (
				8753C9082047735C00A08FDB /* PhotoManager */,
			);
		};
/* End PBXProject section */

/* Begin PBXResourcesBuildPhase section */
		8753C9072047735C00A08FDB /* Resources */ = {
			isa = PBXResourcesBuildPhase;
			buildActionMask = 2147483647;
			files = (
				8753C9172047735C00A08FDB /* LaunchScreen.storyboard in Resources */,
				8753C9142047735C00A08FDB /* Assets.xcassets in Resources */,
				8753C9122047735C00A08FDB /* Main.storyboard in Resources */,
			);
			runOnlyForDeploymentPostprocessing = 0;
		};
/* End PBXResourcesBuildPhase section */

/* Begin PBXShellScriptBuildPhase section */
		00D52BBAB13AE3F4AC10BB03 /* [CP] Embed Pods Frameworks */ = {
			isa = PBXShellScriptBuildPhase;
			buildActionMask = 2147483647;
			files = (
			);
			inputPaths = (
				"${SRCROOT}/Pods/Target Support Files/Pods-PhotoManager/Pods-PhotoManager-frameworks.sh",
				"${BUILT_PRODUCTS_DIR}/Charts/Charts.framework",
				"${BUILT_PRODUCTS_DIR}/ChartsRealm/ChartsRealm.framework",
				"${BUILT_PRODUCTS_DIR}/Realm/Realm.framework",
				"${BUILT_PRODUCTS_DIR}/RealmSwift/RealmSwift.framework",
			);
			name = "[CP] Embed Pods Frameworks";
			outputPaths = (
				"${TARGET_BUILD_DIR}/${FRAMEWORKS_FOLDER_PATH}/Charts.framework",
				"${TARGET_BUILD_DIR}/${FRAMEWORKS_FOLDER_PATH}/ChartsRealm.framework",
				"${TARGET_BUILD_DIR}/${FRAMEWORKS_FOLDER_PATH}/Realm.framework",
				"${TARGET_BUILD_DIR}/${FRAMEWORKS_FOLDER_PATH}/RealmSwift.framework",
			);
			runOnlyForDeploymentPostprocessing = 0;
			shellPath = /bin/sh;
			shellScript = "\"${SRCROOT}/Pods/Target Support Files/Pods-PhotoManager/Pods-PhotoManager-frameworks.sh\"\n";
			showEnvVarsInLog = 0;
		};
		4671B4DFFA94223C77E2E01C /* [CP] Check Pods Manifest.lock */ = {
			isa = PBXShellScriptBuildPhase;
			buildActionMask = 2147483647;
			files = (
			);
			inputPaths = (
				"${PODS_PODFILE_DIR_PATH}/Podfile.lock",
				"${PODS_ROOT}/Manifest.lock",
			);
			name = "[CP] Check Pods Manifest.lock";
			outputPaths = (
				"$(DERIVED_FILE_DIR)/Pods-PhotoManager-checkManifestLockResult.txt",
			);
			runOnlyForDeploymentPostprocessing = 0;
			shellPath = /bin/sh;
			shellScript = "diff \"${PODS_PODFILE_DIR_PATH}/Podfile.lock\" \"${PODS_ROOT}/Manifest.lock\" > /dev/null\nif [ $? != 0 ] ; then\n    # print error to STDERR\n    echo \"error: The sandbox is not in sync with the Podfile.lock. Run 'pod install' or update your CocoaPods installation.\" >&2\n    exit 1\nfi\n# This output is used by Xcode 'outputs' to avoid re-running this script phase.\necho \"SUCCESS\" > \"${SCRIPT_OUTPUT_FILE_0}\"\n";
			showEnvVarsInLog = 0;
		};
		BB79256B4028EE5DAF20D7B3 /* [CP] Copy Pods Resources */ = {
			isa = PBXShellScriptBuildPhase;
			buildActionMask = 2147483647;
			files = (
			);
			inputPaths = (
			);
			name = "[CP] Copy Pods Resources";
			outputPaths = (
			);
			runOnlyForDeploymentPostprocessing = 0;
			shellPath = /bin/sh;
			shellScript = "\"${SRCROOT}/Pods/Target Support Files/Pods-PhotoManager/Pods-PhotoManager-resources.sh\"\n";
			showEnvVarsInLog = 0;
		};
/* End PBXShellScriptBuildPhase section */

/* Begin PBXSourcesBuildPhase section */
		8753C9052047735C00A08FDB /* Sources */ = {
			isa = PBXSourcesBuildPhase;
			buildActionMask = 2147483647;
			files = (
				87A2E8BE206690A700D5304C /* SettingTableViewController.swift in Sources */,
				8703A2DA2052DD4E00A9AE04 /* ImageDetailsViewController.swift in Sources */,
				87B476E92057371D0091AF8F /* FolderTypeCellCollectionViewCell.swift in Sources */,
				87D605BF2064320F0011566D /* FolderTypeListViewController.swift in Sources */,
				87F62320204777120092672B /* Image.swift in Sources */,
				87F6231D204777120092672B /* HashTag.swift in Sources */,
				875E034120616E29002E9D8A /* Reachability.swift in Sources */,
				87B7E9BB20589EF300E2678A /* ImageCollectionViewCell.swift in Sources */,
				87D605C520644AAD0011566D /* FolderListViewController.swift in Sources */,
				87456F5F204F1BAC0096B1B3 /* UtilityService.swift in Sources */,
				87D50A4A205B5A0F00AA1658 /* ImageSearchCell.swift in Sources */,
				87D50A4C20601FC100AA1658 /* MapViewController.swift in Sources */,
				87D50A48205B567700AA1658 /* ImageSearchViewController.swift in Sources */,
				87D605C7206456EC0011566D /* FolderListTableViewCell.swift in Sources */,
				87B476E720572F800091AF8F /* FolderTypeViewController.swift in Sources */,
				87D605C12064377C0011566D /* FolderTypeListTableViewCell.swift in Sources */,
				87F6231E204777120092672B /* Location.swift in Sources */,
				8753C90D2047735C00A08FDB /* AppDelegate.swift in Sources */,
				87ECF9FF206165D800E3671F /* NavigationViewController.swift in Sources */,
				87BBA029206707F9003E5771 /* StatisticsTableViewController.swift in Sources */,
				87F62321204777120092672B /* Type.swift in Sources */,
				87F62322204777120092672B /* Folder.swift in Sources */,
				87A2E8BA206599F600D5304C /* BarChart.swift in Sources */,
				87B7E9B52058848800E2678A /* FolderViewController.swift in Sources */,
				87F62325204777340092672B /* RealmService.swift in Sources */,
				87B7E9B72058868A00E2678A /* FolderCollectionViewCell.swift in Sources */,
				87B7E9B920589E0F00E2678A /* ImageViewController.swift in Sources */,
			);
			runOnlyForDeploymentPostprocessing = 0;
		};
/* End PBXSourcesBuildPhase section */

/* Begin PBXVariantGroup section */
		8753C9102047735C00A08FDB /* Main.storyboard */ = {
			isa = PBXVariantGroup;
			children = (
				8753C9112047735C00A08FDB /* Base */,
			);
			name = Main.storyboard;
			sourceTree = "<group>";
		};
		8753C9152047735C00A08FDB /* LaunchScreen.storyboard */ = {
			isa = PBXVariantGroup;
			children = (
				8753C9162047735C00A08FDB /* Base */,
			);
			name = LaunchScreen.storyboard;
			sourceTree = "<group>";
		};
/* End PBXVariantGroup section */

/* Begin XCBuildConfiguration section */
		8753C9192047735C00A08FDB /* Debug */ = {
			isa = XCBuildConfiguration;
			buildSettings = {
				ALWAYS_SEARCH_USER_PATHS = NO;
				CLANG_ANALYZER_NONNULL = YES;
				CLANG_ANALYZER_NUMBER_OBJECT_CONVERSION = YES_AGGRESSIVE;
				CLANG_CXX_LANGUAGE_STANDARD = "gnu++14";
				CLANG_CXX_LIBRARY = "libc++";
				CLANG_ENABLE_MODULES = YES;
				CLANG_ENABLE_OBJC_ARC = YES;
				CLANG_WARN_BLOCK_CAPTURE_AUTORELEASING = YES;
				CLANG_WARN_BOOL_CONVERSION = YES;
				CLANG_WARN_COMMA = YES;
				CLANG_WARN_CONSTANT_CONVERSION = YES;
				CLANG_WARN_DIRECT_OBJC_ISA_USAGE = YES_ERROR;
				CLANG_WARN_DOCUMENTATION_COMMENTS = YES;
				CLANG_WARN_EMPTY_BODY = YES;
				CLANG_WARN_ENUM_CONVERSION = YES;
				CLANG_WARN_INFINITE_RECURSION = YES;
				CLANG_WARN_INT_CONVERSION = YES;
				CLANG_WARN_NON_LITERAL_NULL_CONVERSION = YES;
				CLANG_WARN_OBJC_LITERAL_CONVERSION = YES;
				CLANG_WARN_OBJC_ROOT_CLASS = YES_ERROR;
				CLANG_WARN_RANGE_LOOP_ANALYSIS = YES;
				CLANG_WARN_STRICT_PROTOTYPES = YES;
				CLANG_WARN_SUSPICIOUS_MOVE = YES;
				CLANG_WARN_UNGUARDED_AVAILABILITY = YES_AGGRESSIVE;
				CLANG_WARN_UNREACHABLE_CODE = YES;
				CLANG_WARN__DUPLICATE_METHOD_MATCH = YES;
				CODE_SIGN_IDENTITY = "iPhone Developer";
				COPY_PHASE_STRIP = NO;
				DEBUG_INFORMATION_FORMAT = dwarf;
				ENABLE_STRICT_OBJC_MSGSEND = YES;
				ENABLE_TESTABILITY = YES;
				GCC_C_LANGUAGE_STANDARD = gnu11;
				GCC_DYNAMIC_NO_PIC = NO;
				GCC_NO_COMMON_BLOCKS = YES;
				GCC_OPTIMIZATION_LEVEL = 0;
				GCC_PREPROCESSOR_DEFINITIONS = (
					"DEBUG=1",
					"$(inherited)",
				);
				GCC_WARN_64_TO_32_BIT_CONVERSION = YES;
				GCC_WARN_ABOUT_RETURN_TYPE = YES_ERROR;
				GCC_WARN_UNDECLARED_SELECTOR = YES;
				GCC_WARN_UNINITIALIZED_AUTOS = YES_AGGRESSIVE;
				GCC_WARN_UNUSED_FUNCTION = YES;
				GCC_WARN_UNUSED_VARIABLE = YES;
				IPHONEOS_DEPLOYMENT_TARGET = 11.2;
				MTL_ENABLE_DEBUG_INFO = YES;
				ONLY_ACTIVE_ARCH = YES;
				SDKROOT = iphoneos;
				SWIFT_ACTIVE_COMPILATION_CONDITIONS = DEBUG;
				SWIFT_OPTIMIZATION_LEVEL = "-Onone";
			};
			name = Debug;
		};
		8753C91A2047735C00A08FDB /* Release */ = {
			isa = XCBuildConfiguration;
			buildSettings = {
				ALWAYS_SEARCH_USER_PATHS = NO;
				CLANG_ANALYZER_NONNULL = YES;
				CLANG_ANALYZER_NUMBER_OBJECT_CONVERSION = YES_AGGRESSIVE;
				CLANG_CXX_LANGUAGE_STANDARD = "gnu++14";
				CLANG_CXX_LIBRARY = "libc++";
				CLANG_ENABLE_MODULES = YES;
				CLANG_ENABLE_OBJC_ARC = YES;
				CLANG_WARN_BLOCK_CAPTURE_AUTORELEASING = YES;
				CLANG_WARN_BOOL_CONVERSION = YES;
				CLANG_WARN_COMMA = YES;
				CLANG_WARN_CONSTANT_CONVERSION = YES;
				CLANG_WARN_DIRECT_OBJC_ISA_USAGE = YES_ERROR;
				CLANG_WARN_DOCUMENTATION_COMMENTS = YES;
				CLANG_WARN_EMPTY_BODY = YES;
				CLANG_WARN_ENUM_CONVERSION = YES;
				CLANG_WARN_INFINITE_RECURSION = YES;
				CLANG_WARN_INT_CONVERSION = YES;
				CLANG_WARN_NON_LITERAL_NULL_CONVERSION = YES;
				CLANG_WARN_OBJC_LITERAL_CONVERSION = YES;
				CLANG_WARN_OBJC_ROOT_CLASS = YES_ERROR;
				CLANG_WARN_RANGE_LOOP_ANALYSIS = YES;
				CLANG_WARN_STRICT_PROTOTYPES = YES;
				CLANG_WARN_SUSPICIOUS_MOVE = YES;
				CLANG_WARN_UNGUARDED_AVAILABILITY = YES_AGGRESSIVE;
				CLANG_WARN_UNREACHABLE_CODE = YES;
				CLANG_WARN__DUPLICATE_METHOD_MATCH = YES;
				CODE_SIGN_IDENTITY = "iPhone Developer";
				COPY_PHASE_STRIP = NO;
				DEBUG_INFORMATION_FORMAT = "dwarf-with-dsym";
				ENABLE_NS_ASSERTIONS = NO;
				ENABLE_STRICT_OBJC_MSGSEND = YES;
				GCC_C_LANGUAGE_STANDARD = gnu11;
				GCC_NO_COMMON_BLOCKS = YES;
				GCC_WARN_64_TO_32_BIT_CONVERSION = YES;
				GCC_WARN_ABOUT_RETURN_TYPE = YES_ERROR;
				GCC_WARN_UNDECLARED_SELECTOR = YES;
				GCC_WARN_UNINITIALIZED_AUTOS = YES_AGGRESSIVE;
				GCC_WARN_UNUSED_FUNCTION = YES;
				GCC_WARN_UNUSED_VARIABLE = YES;
				IPHONEOS_DEPLOYMENT_TARGET = 11.2;
				MTL_ENABLE_DEBUG_INFO = NO;
				SDKROOT = iphoneos;
				SWIFT_OPTIMIZATION_LEVEL = "-Owholemodule";
				VALIDATE_PRODUCT = YES;
			};
			name = Release;
		};
		8753C91C2047735C00A08FDB /* Debug */ = {
			isa = XCBuildConfiguration;
			baseConfigurationReference = 1E21A7163574BF608BD72BEE /* Pods-PhotoManager.debug.xcconfig */;
			buildSettings = {
				ASSETCATALOG_COMPILER_APPICON_NAME = AppIcon;
				CODE_SIGN_STYLE = Automatic;
				DEVELOPMENT_TEAM = ALEE5K9FXL;
				INFOPLIST_FILE = PhotoManager/Info.plist;
				IPHONEOS_DEPLOYMENT_TARGET = 11.2;
				LD_RUNPATH_SEARCH_PATHS = "$(inherited) @executable_path/Frameworks";
				PRODUCT_BUNDLE_IDENTIFIER = ca.jasonlai.PhotoManager;
				PRODUCT_NAME = "$(TARGET_NAME)";
				SWIFT_VERSION = 4.0;
				TARGETED_DEVICE_FAMILY = "1,2";
			};
			name = Debug;
		};
		8753C91D2047735C00A08FDB /* Release */ = {
			isa = XCBuildConfiguration;
			baseConfigurationReference = 4CA6C20A06D49465518194D2 /* Pods-PhotoManager.release.xcconfig */;
			buildSettings = {
				ASSETCATALOG_COMPILER_APPICON_NAME = AppIcon;
				CODE_SIGN_STYLE = Automatic;
				DEVELOPMENT_TEAM = ALEE5K9FXL;
				INFOPLIST_FILE = PhotoManager/Info.plist;
				IPHONEOS_DEPLOYMENT_TARGET = 11.2;
				LD_RUNPATH_SEARCH_PATHS = "$(inherited) @executable_path/Frameworks";
				PRODUCT_BUNDLE_IDENTIFIER = ca.jasonlai.PhotoManager;
				PRODUCT_NAME = "$(TARGET_NAME)";
				SWIFT_VERSION = 4.0;
				TARGETED_DEVICE_FAMILY = "1,2";
			};
			name = Release;
		};
/* End XCBuildConfiguration section */

/* Begin XCConfigurationList section */
		8753C9042047735C00A08FDB /* Build configuration list for PBXProject "PhotoManager" */ = {
			isa = XCConfigurationList;
			buildConfigurations = (
				8753C9192047735C00A08FDB /* Debug */,
				8753C91A2047735C00A08FDB /* Release */,
			);
			defaultConfigurationIsVisible = 0;
			defaultConfigurationName = Release;
		};
		8753C91B2047735C00A08FDB /* Build configuration list for PBXNativeTarget "PhotoManager" */ = {
			isa = XCConfigurationList;
			buildConfigurations = (
				8753C91C2047735C00A08FDB /* Debug */,
				8753C91D2047735C00A08FDB /* Release */,
			);
			defaultConfigurationIsVisible = 0;
			defaultConfigurationName = Release;
		};
/* End XCConfigurationList section */
	};
	rootObject = 8753C9012047735C00A08FDB /* Project object */;
}
